
Microsoft Visual Studio Solution File, Format Version 12.00
# Visual Studio Version 16
VisualStudioVersion = 16.0.29324.140
MinimumVisualStudioVersion = 10.0.40219.1
Project("{9A19103F-16F7-4668-BE54-9A1E7A4F7556}") = "Interview", "Interview\Interview.csproj", "{20A280E3-45FA-42AE-8DE6-B4E0D99F2566}"
EndProject
Project("{FAE04EC0-301F-11D3-BF4B-00C04F79EFBC}") = "Interview.Tests", "Interview.Tests\Interview.Tests.csproj", "{01F249AD-1B61-4974-948E-EEC155837EE0}"
EndProject
Global
	GlobalSection(SolutionConfigurationPlatforms) = preSolution
		Debug|Any CPU = Debug|Any CPU
		Release|Any CPU = Release|Any CPU
	EndGlobalSection
	GlobalSection(ProjectConfigurationPlatforms) = postSolution
		{20A280E3-45FA-42AE-8DE6-B4E0D99F2566}.Debug|Any CPU.ActiveCfg = Debug|Any CPU
		{20A280E3-45FA-42AE-8DE6-B4E0D99F2566}.Debug|Any CPU.Build.0 = Debug|Any CPU
		{20A280E3-45FA-42AE-8DE6-B4E0D99F2566}.Release|Any CPU.ActiveCfg = Release|Any CPU
		{20A280E3-45FA-42AE-8DE6-B4E0D99F2566}.Release|Any CPU.Build.0 = Release|Any CPU
		{01F249AD-1B61-4974-948E-EEC155837EE0}.Debug|Any CPU.ActiveCfg = Debug|Any CPU
		{01F249AD-1B61-4974-948E-EEC155837EE0}.Debug|Any CPU.Build.0 = Debug|Any CPU
		{01F249AD-1B61-4974-948E-EEC155837EE0}.Release|Any CPU.ActiveCfg = Release|Any CPU
		{01F249AD-1B61-4974-948E-EEC155837EE0}.Release|Any CPU.Build.0 = Release|Any CPU
	EndGlobalSection
	GlobalSection(SolutionProperties) = preSolution
		HideSolutionNode = FALSE
	EndGlobalSection
	GlobalSection(ExtensibilityGlobals) = postSolution
		SolutionGuid = {83C5D008-80FE-4A49-B621-7DF7F5A34F14}
	EndGlobalSection
EndGlobal
